// !$*UTF8*$!
{
	archiveVersion = 1;
	classes = {
	};
	objectVersion = 46;
	objects = {

/* Begin PBXBuildFile section */
		FD35DBC41AC55B3800CD50CB /* AppDelegate.swift in Sources */ = {isa = PBXBuildFile; fileRef = FD35DBC31AC55B3800CD50CB /* AppDelegate.swift */; };
		FD35DBC61AC55B3800CD50CB /* ViewController.swift in Sources */ = {isa = PBXBuildFile; fileRef = FD35DBC51AC55B3800CD50CB /* ViewController.swift */; };
		FD35DBC91AC55B3800CD50CB /* Main.storyboard in Resources */ = {isa = PBXBuildFile; fileRef = FD35DBC71AC55B3800CD50CB /* Main.storyboard */; };
		FD35DBCB1AC55B3800CD50CB /* Images.xcassets in Resources */ = {isa = PBXBuildFile; fileRef = FD35DBCA1AC55B3800CD50CB /* Images.xcassets */; };
		FD35DBCE1AC55B3800CD50CB /* LaunchScreen.xib in Resources */ = {isa = PBXBuildFile; fileRef = FD35DBCC1AC55B3800CD50CB /* LaunchScreen.xib */; };
		FD35DBDA1AC55B3800CD50CB /* Animation5Tests.swift in Sources */ = {isa = PBXBuildFile; fileRef = FD35DBD91AC55B3800CD50CB /* Animation5Tests.swift */; };
/* End PBXBuildFile section */

/* Begin PBXContainerItemProxy section */
		FD35DBD41AC55B3800CD50CB /* PBXContainerItemProxy */ = {
			isa = PBXContainerItemProxy;
			containerPortal = FD35DBB61AC55B3700CD50CB /* Project object */;
			proxyType = 1;
			remoteGlobalIDString = FD35DBBD1AC55B3700CD50CB;
			remoteInfo = Animation5;
		};
/* End PBXContainerItemProxy section */

/* Begin PBXFileReference section */
		FD35DBBE1AC55B3700CD50CB /* Animation5.app */ = {isa = PBXFileReference; explicitFileType = wrapper.application; includeInIndex = 0; path = Animation5.app; sourceTree = BUILT_PRODUCTS_DIR; };
		FD35DBC21AC55B3700CD50CB /* Info.plist */ = {isa = PBXFileReference; lastKnownFileType = text.plist.xml; path = Info.plist; sourceTree = "<group>"; };
		FD35DBC31AC55B3800CD50CB /* AppDelegate.swift */ = {isa = PBXFileReference; lastKnownFileType = sourcecode.swift; path = AppDelegate.swift; sourceTree = "<group>"; };
		FD35DBC51AC55B3800CD50CB /* ViewController.swift */ = {isa = PBXFileReference; lastKnownFileType = sourcecode.swift; path = ViewController.swift; sourceTree = "<group>"; };
		FD35DBC81AC55B3800CD50CB /* Base */ = {isa = PBXFileReference; lastKnownFileType = file.storyboard; name = Base; path = Base.lproj/Main.storyboard; sourceTree = "<group>"; };
		FD35DBCA1AC55B3800CD50CB /* Images.xcassets */ = {isa = PBXFileReference; lastKnownFileType = folder.assetcatalog; path = Images.xcassets; sourceTree = "<group>"; };
		FD35DBCD1AC55B3800CD50CB /* Base */ = {isa = PBXFileReference; lastKnownFileType = file.xib; name = Base; path = Base.lproj/LaunchScreen.xib; sourceTree = "<group>"; };
		FD35DBD31AC55B3800CD50CB /* Animation5Tests.xctest */ = {isa = PBXFileReference; explicitFileType = wrapper.cfbundle; includeInIndex = 0; path = Animation5Tests.xctest; sourceTree = BUILT_PRODUCTS_DIR; };
		FD35DBD81AC55B3800CD50CB /* Info.plist */ = {isa = PBXFileReference; lastKnownFileType = text.plist.xml; path = Info.plist; sourceTree = "<group>"; };
		FD35DBD91AC55B3800CD50CB /* Animation5Tests.swift */ = {isa = PBXFileReference; lastKnownFileType = sourcecode.swift; path = Animation5Tests.swift; sourceTree = "<group>"; };
/* End PBXFileReference section */

/* Begin PBXFrameworksBuildPhase section */
		FD35DBBB1AC55B3700CD50CB /* Frameworks */ = {
			isa = PBXFrameworksBuildPhase;
			buildActionMask = 2147483647;
			files = (
			);
			runOnlyForDeploymentPostprocessing = 0;
		};
		FD35DBD01AC55B3800CD50CB /* Frameworks */ = {
			isa = PBXFrameworksBuildPhase;
			buildActionMask = 2147483647;
			files = (
			);
			runOnlyForDeploymentPostprocessing = 0;
		};
/* End PBXFrameworksBuildPhase section */

/* Begin PBXGroup section */
		FD35DBB51AC55B3700CD50CB = {
			isa = PBXGroup;
			children = (
				FD35DBC01AC55B3700CD50CB /* Animation5 */,
				FD35DBD61AC55B3800CD50CB /* Animation5Tests */,
				FD35DBBF1AC55B3700CD50CB /* Products */,
			);
			sourceTree = "<group>";
		};
		FD35DBBF1AC55B3700CD50CB /* Products */ = {
			isa = PBXGroup;
			children = (
				FD35DBBE1AC55B3700CD50CB /* Animation5.app */,
				FD35DBD31AC55B3800CD50CB /* Animation5Tests.xctest */,
			);
			name = Products;
			sourceTree = "<group>";
		};
		FD35DBC01AC55B3700CD50CB /* Animation5 */ = {
			isa = PBXGroup;
			children = (
				FD35DBC31AC55B3800CD50CB /* AppDelegate.swift */,
				FD35DBC51AC55B3800CD50CB /* ViewController.swift */,
				FD35DBC71AC55B3800CD50CB /* Main.storyboard */,
				FD35DBCA1AC55B3800CD50CB /* Images.xcassets */,
				FD35DBCC1AC55B3800CD50CB /* LaunchScreen.xib */,
				FD35DBC11AC55B3700CD50CB /* Supporting Files */,
			);
			path = Animation5;
			sourceTree = "<group>";
		};
		FD35DBC11AC55B3700CD50CB /* Supporting Files */ = {
			isa = PBXGroup;
			children = (
				FD35DBC21AC55B3700CD50CB /* Info.plist */,
			);
			name = "Supporting Files";
			sourceTree = "<group>";
		};
		FD35DBD61AC55B3800CD50CB /* Animation5Tests */ = {
			isa = PBXGroup;
			children = (
				FD35DBD91AC55B3800CD50CB /* Animation5Tests.swift */,
				FD35DBD71AC55B3800CD50CB /* Supporting Files */,
			);
			path = Animation5Tests;
			sourceTree = "<group>";
		};
		FD35DBD71AC55B3800CD50CB /* Supporting Files */ = {
			isa = PBXGroup;
			children = (
				FD35DBD81AC55B3800CD50CB /* Info.plist */,
			);
			name = "Supporting Files";
			sourceTree = "<group>";
		};
/* End PBXGroup section */

/* Begin PBXNativeTarget section */
		FD35DBBD1AC55B3700CD50CB /* Animation5 */ = {
			isa = PBXNativeTarget;
			buildConfigurationList = FD35DBDD1AC55B3800CD50CB /* Build configuration list for PBXNativeTarget "Animation5" */;
			buildPhases = (
				FD35DBBA1AC55B3700CD50CB /* Sources */,
				FD35DBBB1AC55B3700CD50CB /* Frameworks */,
				FD35DBBC1AC55B3700CD50CB /* Resources */,
			);
			buildRules = (
			);
			dependencies = (
			);
			name = Animation5;
			productName = Animation5;
			productReference = FD35DBBE1AC55B3700CD50CB /* Animation5.app */;
			productType = "com.apple.product-type.application";
		};
		FD35DBD21AC55B3800CD50CB /* Animation5Tests */ = {
			isa = PBXNativeTarget;
			buildConfigurationList = FD35DBE01AC55B3800CD50CB /* Build configuration list for PBXNativeTarget "Animation5Tests" */;
			buildPhases = (
				FD35DBCF1AC55B3800CD50CB /* Sources */,
				FD35DBD01AC55B3800CD50CB /* Frameworks */,
				FD35DBD11AC55B3800CD50CB /* Resources */,
			);
			buildRules = (
			);
			dependencies = (
				FD35DBD51AC55B3800CD50CB /* PBXTargetDependency */,
			);
			name = Animation5Tests;
			productName = Animation5Tests;
			productReference = FD35DBD31AC55B3800CD50CB /* Animation5Tests.xctest */;
			productType = "com.apple.product-type.bundle.unit-test";
		};
/* End PBXNativeTarget section */

/* Begin PBXProject section */
		FD35DBB61AC55B3700CD50CB /* Project object */ = {
			isa = PBXProject;
			attributes = {
				LastUpgradeCheck = 0600;
				ORGANIZATIONNAME = iStudents;
				TargetAttributes = {
					FD35DBBD1AC55B3700CD50CB = {
						CreatedOnToolsVersion = 6.0;
					};
					FD35DBD21AC55B3800CD50CB = {
						CreatedOnToolsVersion = 6.0;
						TestTargetID = FD35DBBD1AC55B3700CD50CB;
					};
				};
			};
			buildConfigurationList = FD35DBB91AC55B3700CD50CB /* Build configuration list for PBXProject "Animation5" */;
			compatibilityVersion = "Xcode 3.2";
			developmentRegion = English;
			hasScannedForEncodings = 0;
			knownRegions = (
				en,
				Base,
			);
			mainGroup = FD35DBB51AC55B3700CD50CB;
			productRefGroup = FD35DBBF1AC55B3700CD50CB /* Products */;
			projectDirPath = "";
			projectRoot = "";
			targets = (
				FD35DBBD1AC55B3700CD50CB /* Animation5 */,
				FD35DBD21AC55B3800CD50CB /* Animation5Tests */,
			);
		};
/* End PBXProject section */

/* Begin PBXResourcesBuildPhase section */
		FD35DBBC1AC55B3700CD50CB /* Resources */ = {
			isa = PBXResourcesBuildPhase;
			buildActionMask = 2147483647;
			files = (
				FD35DBC91AC55B3800CD50CB /* Main.storyboard in Resources */,
				FD35DBCE1AC55B3800CD50CB /* LaunchScreen.xib in Resources */,
				FD35DBCB1AC55B3800CD50CB /* Images.xcassets in Resources */,
			);
			runOnlyForDeploymentPostprocessing = 0;
		};
		FD35DBD11AC55B3800CD50CB /* Resources */ = {
			isa = PBXResourcesBuildPhase;
			buildActionMask = 2147483647;
			files = (
			);
			runOnlyForDeploymentPostprocessing = 0;
		};
/* End PBXResourcesBuildPhase section */

/* Begin PBXSourcesBuildPhase section */
		FD35DBBA1AC55B3700CD50CB /* Sources */ = {
			isa = PBXSourcesBuildPhase;
			buildActionMask = 2147483647;
			files = (
				FD35DBC61AC55B3800CD50CB /* ViewController.swift in Sources */,
				FD35DBC41AC55B3800CD50CB /* AppDelegate.swift in Sources */,
			);
			runOnlyForDeploymentPostprocessing = 0;
		};
		FD35DBCF1AC55B3800CD50CB /* Sources */ = {
			isa = PBXSourcesBuildPhase;
			buildActionMask = 2147483647;
			files = (
				FD35DBDA1AC55B3800CD50CB /* Animation5Tests.swift in Sources */,
			);
			runOnlyForDeploymentPostprocessing = 0;
		};
/* End PBXSourcesBuildPhase section */

/* Begin PBXTargetDependency section */
		FD35DBD51AC55B3800CD50CB /* PBXTargetDependency */ = {
			isa = PBXTargetDependency;
			target = FD35DBBD1AC55B3700CD50CB /* Animation5 */;
			targetProxy = FD35DBD41AC55B3800CD50CB /* PBXContainerItemProxy */;
		};
/* End PBXTargetDependency section */

/* Begin PBXVariantGroup section */
		FD35DBC71AC55B3800CD50CB /* Main.storyboard */ = {
			isa = PBXVariantGroup;
			children = (
				FD35DBC81AC55B3800CD50CB /* Base */,
			);
			name = Main.storyboard;
			sourceTree = "<group>";
		};
		FD35DBCC1AC55B3800CD50CB /* LaunchScreen.xib */ = {
			isa = PBXVariantGroup;
			children = (
				FD35DBCD1AC55B3800CD50CB /* Base */,
			);
			name = LaunchScreen.xib;
			sourceTree = "<group>";
		};
/* End PBXVariantGroup section */

/* Begin XCBuildConfiguration section */
		FD35DBDB1AC55B3800CD50CB /* Debug */ = {
			isa = XCBuildConfiguration;
			buildSettings = {
				ALWAYS_SEARCH_USER_PATHS = NO;
				CLANG_CXX_LANGUAGE_STANDARD = "gnu++0x";
				CLANG_CXX_LIBRARY = "libc++";
				CLANG_ENABLE_MODULES = YES;
				CLANG_ENABLE_OBJC_ARC = YES;
				CLANG_WARN_BOOL_CONVERSION = YES;
				CLANG_WARN_CONSTANT_CONVERSION = YES;
				CLANG_WARN_DIRECT_OBJC_ISA_USAGE = YES_ERROR;
				CLANG_WARN_EMPTY_BODY = YES;
				CLANG_WARN_ENUM_CONVERSION = YES;
				CLANG_WARN_INT_CONVERSION = YES;
				CLANG_WARN_OBJC_ROOT_CLASS = YES_ERROR;
				CLANG_WARN_UNREACHABLE_CODE = YES;
				CLANG_WARN__DUPLICATE_METHOD_MATCH = YES;
				"CODE_SIGN_IDENTITY[sdk=iphoneos*]" = "iPhone Developer";
				COPY_PHASE_STRIP = NO;
				ENABLE_STRICT_OBJC_MSGSEND = YES;
				GCC_C_LANGUAGE_STANDARD = gnu99;
				GCC_DYNAMIC_NO_PIC = NO;
				GCC_OPTIMIZATION_LEVEL = 0;
				GCC_PREPROCESSOR_DEFINITIONS = (
					"DEBUG=1",
					"$(inherited)",
				);
				GCC_SYMBOLS_PRIVATE_EXTERN = NO;
				GCC_WARN_64_TO_32_BIT_CONVERSION = YES;
				GCC_WARN_ABOUT_RETURN_TYPE = YES_ERROR;
				GCC_WARN_UNDECLARED_SELECTOR = YES;
				GCC_WARN_UNINITIALIZED_AUTOS = YES_AGGRESSIVE;
				GCC_WARN_UNUSED_FUNCTION = YES;
				GCC_WARN_UNUSED_VARIABLE = YES;
				IPHONEOS_DEPLOYMENT_TARGET = 8.0;
				MTL_ENABLE_DEBUG_INFO = YES;
				ONLY_ACTIVE_ARCH = YES;
				SDKROOT = iphoneos;
				SWIFT_OPTIMIZATION_LEVEL = "-Onone";
			};
			name = Debug;
		};
		FD35DBDC1AC55B3800CD50CB /* Release */ = {
			isa = XCBuildConfiguration;
			buildSettings = {
				ALWAYS_SEARCH_USER_PATHS = NO;
				CLANG_CXX_LANGUAGE_STANDARD = "gnu++0x";
				CLANG_CXX_LIBRARY = "libc++";
				CLANG_ENABLE_MODULES = YES;
				CLANG_ENABLE_OBJC_ARC = YES;
				CLANG_WARN_BOOL_CONVERSION = YES;
				CLANG_WARN_CONSTANT_CONVERSION = YES;
				CLANG_WARN_DIRECT_OBJC_ISA_USAGE = YES_ERROR;
				CLANG_WARN_EMPTY_BODY = YES;
				CLANG_WARN_ENUM_CONVERSION = YES;
				CLANG_WARN_INT_CONVERSION = YES;
				CLANG_WARN_OBJC_ROOT_CLASS = YES_ERROR;
				CLANG_WARN_UNREACHABLE_CODE = YES;
				CLANG_WARN__DUPLICATE_METHOD_MATCH = YES;
				"CODE_SIGN_IDENTITY[sdk=iphoneos*]" = "iPhone Developer";
				COPY_PHASE_STRIP = YES;
				ENABLE_NS_ASSERTIONS = NO;
				ENABLE_STRICT_OBJC_MSGSEND = YES;
				GCC_C_LANGUAGE_STANDARD = gnu99;
				GCC_WARN_64_TO_32_BIT_CONVERSION = YES;
				GCC_WARN_ABOUT_RETURN_TYPE = YES_ERROR;
				GCC_WARN_UNDECLARED_SELECTOR = YES;
				GCC_WARN_UNINITIALIZED_AUTOS = YES_AGGRESSIVE;
				GCC_WARN_UNUSED_FUNCTION = YES;
				GCC_WARN_UNUSED_VARIABLE = YES;
				IPHONEOS_DEPLOYMENT_TARGET = 8.0;
				MTL_ENABLE_DEBUG_INFO = NO;
				SDKROOT = iphoneos;
				VALIDATE_PRODUCT = YES;
			};
			name = Release;
		};
		FD35DBDE1AC55B3800CD50CB /* Debug */ = {
			isa = XCBuildConfiguration;
			buildSettings = {
				ASSETCATALOG_COMPILER_APPICON_NAME = AppIcon;
				INFOPLIST_FILE = Animation5/Info.plist;
				LD_RUNPATH_SEARCH_PATHS = "$(inherited) @executable_path/Frameworks";
				PRODUCT_NAME = "$(TARGET_NAME)";
			};
			name = Debug;
		};
		FD35DBDF1AC55B3800CD50CB /* Release */ = {
			isa = XCBuildConfiguration;
			buildSettings = {
				ASSETCATALOG_COMPILER_APPICON_NAME = AppIcon;
				INFOPLIST_FILE = Animation5/Info.plist;
				LD_RUNPATH_SEARCH_PATHS = "$(inherited) @executable_path/Frameworks";
				PRODUCT_NAME = "$(TARGET_NAME)";
			};
			name = Release;
		};
		FD35DBE11AC55B3800CD50CB /* Debug */ = {
			isa = XCBuildConfiguration;
			buildSettings = {
				BUNDLE_LOADER = "$(TEST_HOST)";
				FRAMEWORK_SEARCH_PATHS = (
					"$(SDKROOT)/Developer/Library/Frameworks",
					"$(inherited)",
				);
				GCC_PREPROCESSOR_DEFINITIONS = (
					"DEBUG=1",
					"$(inherited)",
				);
				INFOPLIST_FILE = Animation5Tests/Info.plist;
				LD_RUNPATH_SEARCH_PATHS = "$(inherited) @executable_path/Frameworks @loader_path/Frameworks";
				PRODUCT_NAME = "$(TARGET_NAME)";
				TEST_HOST = "$(BUILT_PRODUCTS_DIR)/Animation5.app/Animation5";
			};
			name = Debug;
		};
		FD35DBE21AC55B3800CD50CB /* Release */ = {
			isa = XCBuildConfiguration;
			buildSettings = {
				BUNDLE_LOADER = "$(TEST_HOST)";
				FRAMEWORK_SEARCH_PATHS = (
					"$(SDKROOT)/Developer/Library/Frameworks",
					"$(inherited)",
				);
				INFOPLIST_FILE = Animation5Tests/Info.plist;
				LD_RUNPATH_SEARCH_PATHS = "$(inherited) @executable_path/Frameworks @loader_path/Frameworks";
				PRODUCT_NAME = "$(TARGET_NAME)";
				TEST_HOST = "$(BUILT_PRODUCTS_DIR)/Animation5.app/Animation5";
			};
			name = Release;
		};
/* End XCBuildConfiguration section */

/* Begin XCConfigurationList section */
		FD35DBB91AC55B3700CD50CB /* Build configuration list for PBXProject "Animation5" */ = {
			isa = XCConfigurationList;
			buildConfigurations = (
				FD35DBDB1AC55B3800CD50CB /* Debug */,
				FD35DBDC1AC55B3800CD50CB /* Release */,
			);
			defaultConfigurationIsVisible = 0;
			defaultConfigurationName = Release;
		};
		FD35DBDD1AC55B3800CD50CB /* Build configuration list for PBXNativeTarget "Animation5" */ = {
			isa = XCConfigurationList;
			buildConfigurations = (
				FD35DBDE1AC55B3800CD50CB /* Debug */,
				FD35DBDF1AC55B3800CD50CB /* Release */,
			);
			defaultConfigurationIsVisible = 0;
		};
		FD35DBE01AC55B3800CD50CB /* Build configuration list for PBXNativeTarget "Animation5Tests" */ = {
			isa = XCConfigurationList;
			buildConfigurations = (
				FD35DBE11AC55B3800CD50CB /* Debug */,
				FD35DBE21AC55B3800CD50CB /* Release */,
			);
			defaultConfigurationIsVisible = 0;
		};
/* End XCConfigurationList section */
	};
	rootObject = FD35DBB61AC55B3700CD50CB /* Project object */;
}
