// !$*UTF8*$!
{
	archiveVersion = 1;
	classes = {
	};
	objectVersion = 46;
	objects = {

/* Begin PBXBuildFile section */
		FD60064D1ABC17EB00276024 /* AppDelegate.swift in Sources */ = {isa = PBXBuildFile; fileRef = FD60064C1ABC17EB00276024 /* AppDelegate.swift */; };
		FD6006501ABC17EB00276024 /* _5011212042_Notebook.xcdatamodeld in Sources */ = {isa = PBXBuildFile; fileRef = FD60064E1ABC17EB00276024 /* _5011212042_Notebook.xcdatamodeld */; };
		FD6006521ABC17EB00276024 /* ViewController.swift in Sources */ = {isa = PBXBuildFile; fileRef = FD6006511ABC17EB00276024 /* ViewController.swift */; };
		FD6006551ABC17EB00276024 /* Main.storyboard in Resources */ = {isa = PBXBuildFile; fileRef = FD6006531ABC17EB00276024 /* Main.storyboard */; };
		FD6006571ABC17EB00276024 /* Images.xcassets in Resources */ = {isa = PBXBuildFile; fileRef = FD6006561ABC17EB00276024 /* Images.xcassets */; };
		FD60065A1ABC17EB00276024 /* LaunchScreen.xib in Resources */ = {isa = PBXBuildFile; fileRef = FD6006581ABC17EB00276024 /* LaunchScreen.xib */; };
		FD6006661ABC17EB00276024 /* _5011212042_NotebookTests.swift in Sources */ = {isa = PBXBuildFile; fileRef = FD6006651ABC17EB00276024 /* _5011212042_NotebookTests.swift */; };
/* End PBXBuildFile section */

/* Begin PBXContainerItemProxy section */
		FD6006601ABC17EB00276024 /* PBXContainerItemProxy */ = {
			isa = PBXContainerItemProxy;
			containerPortal = FD60063F1ABC17EB00276024 /* Project object */;
			proxyType = 1;
			remoteGlobalIDString = FD6006461ABC17EB00276024;
			remoteInfo = 55011212042_Notebook;
		};
/* End PBXContainerItemProxy section */

/* Begin PBXFileReference section */
		FD6006471ABC17EB00276024 /* 55011212042_Notebook.app */ = {isa = PBXFileReference; explicitFileType = wrapper.application; includeInIndex = 0; path = 55011212042_Notebook.app; sourceTree = BUILT_PRODUCTS_DIR; };
		FD60064B1ABC17EB00276024 /* Info.plist */ = {isa = PBXFileReference; lastKnownFileType = text.plist.xml; path = Info.plist; sourceTree = "<group>"; };
		FD60064C1ABC17EB00276024 /* AppDelegate.swift */ = {isa = PBXFileReference; lastKnownFileType = sourcecode.swift; path = AppDelegate.swift; sourceTree = "<group>"; };
		FD60064F1ABC17EB00276024 /* _5011212042_Notebook.xcdatamodel */ = {isa = PBXFileReference; lastKnownFileType = wrapper.xcdatamodel; path = _5011212042_Notebook.xcdatamodel; sourceTree = "<group>"; };
		FD6006511ABC17EB00276024 /* ViewController.swift */ = {isa = PBXFileReference; lastKnownFileType = sourcecode.swift; path = ViewController.swift; sourceTree = "<group>"; };
		FD6006541ABC17EB00276024 /* Base */ = {isa = PBXFileReference; lastKnownFileType = file.storyboard; name = Base; path = Base.lproj/Main.storyboard; sourceTree = "<group>"; };
		FD6006561ABC17EB00276024 /* Images.xcassets */ = {isa = PBXFileReference; lastKnownFileType = folder.assetcatalog; path = Images.xcassets; sourceTree = "<group>"; };
		FD6006591ABC17EB00276024 /* Base */ = {isa = PBXFileReference; lastKnownFileType = file.xib; name = Base; path = Base.lproj/LaunchScreen.xib; sourceTree = "<group>"; };
		FD60065F1ABC17EB00276024 /* 55011212042_NotebookTests.xctest */ = {isa = PBXFileReference; explicitFileType = wrapper.cfbundle; includeInIndex = 0; path = 55011212042_NotebookTests.xctest; sourceTree = BUILT_PRODUCTS_DIR; };
		FD6006641ABC17EB00276024 /* Info.plist */ = {isa = PBXFileReference; lastKnownFileType = text.plist.xml; path = Info.plist; sourceTree = "<group>"; };
		FD6006651ABC17EB00276024 /* _5011212042_NotebookTests.swift */ = {isa = PBXFileReference; lastKnownFileType = sourcecode.swift; path = _5011212042_NotebookTests.swift; sourceTree = "<group>"; };
/* End PBXFileReference section */

/* Begin PBXFrameworksBuildPhase section */
		FD6006441ABC17EB00276024 /* Frameworks */ = {
			isa = PBXFrameworksBuildPhase;
			buildActionMask = 2147483647;
			files = (
			);
			runOnlyForDeploymentPostprocessing = 0;
		};
		FD60065C1ABC17EB00276024 /* Frameworks */ = {
			isa = PBXFrameworksBuildPhase;
			buildActionMask = 2147483647;
			files = (
			);
			runOnlyForDeploymentPostprocessing = 0;
		};
/* End PBXFrameworksBuildPhase section */

/* Begin PBXGroup section */
		FD60063E1ABC17EB00276024 = {
			isa = PBXGroup;
			children = (
				FD6006491ABC17EB00276024 /* 55011212042_Notebook */,
				FD6006621ABC17EB00276024 /* 55011212042_NotebookTests */,
				FD6006481ABC17EB00276024 /* Products */,
			);
			sourceTree = "<group>";
		};
		FD6006481ABC17EB00276024 /* Products */ = {
			isa = PBXGroup;
			children = (
				FD6006471ABC17EB00276024 /* 55011212042_Notebook.app */,
				FD60065F1ABC17EB00276024 /* 55011212042_NotebookTests.xctest */,
			);
			name = Products;
			sourceTree = "<group>";
		};
		FD6006491ABC17EB00276024 /* 55011212042_Notebook */ = {
			isa = PBXGroup;
			children = (
				FD60064C1ABC17EB00276024 /* AppDelegate.swift */,
				FD6006511ABC17EB00276024 /* ViewController.swift */,
				FD6006531ABC17EB00276024 /* Main.storyboard */,
				FD6006561ABC17EB00276024 /* Images.xcassets */,
				FD6006581ABC17EB00276024 /* LaunchScreen.xib */,
				FD60064E1ABC17EB00276024 /* _5011212042_Notebook.xcdatamodeld */,
				FD60064A1ABC17EB00276024 /* Supporting Files */,
			);
			path = 55011212042_Notebook;
			sourceTree = "<group>";
		};
		FD60064A1ABC17EB00276024 /* Supporting Files */ = {
			isa = PBXGroup;
			children = (
				FD60064B1ABC17EB00276024 /* Info.plist */,
			);
			name = "Supporting Files";
			sourceTree = "<group>";
		};
		FD6006621ABC17EB00276024 /* 55011212042_NotebookTests */ = {
			isa = PBXGroup;
			children = (
				FD6006651ABC17EB00276024 /* _5011212042_NotebookTests.swift */,
				FD6006631ABC17EB00276024 /* Supporting Files */,
			);
			path = 55011212042_NotebookTests;
			sourceTree = "<group>";
		};
		FD6006631ABC17EB00276024 /* Supporting Files */ = {
			isa = PBXGroup;
			children = (
				FD6006641ABC17EB00276024 /* Info.plist */,
			);
			name = "Supporting Files";
			sourceTree = "<group>";
		};
/* End PBXGroup section */

/* Begin PBXNativeTarget section */
		FD6006461ABC17EB00276024 /* 55011212042_Notebook */ = {
			isa = PBXNativeTarget;
			buildConfigurationList = FD6006691ABC17EB00276024 /* Build configuration list for PBXNativeTarget "55011212042_Notebook" */;
			buildPhases = (
				FD6006431ABC17EB00276024 /* Sources */,
				FD6006441ABC17EB00276024 /* Frameworks */,
				FD6006451ABC17EB00276024 /* Resources */,
			);
			buildRules = (
			);
			dependencies = (
			);
			name = 55011212042_Notebook;
			productName = 55011212042_Notebook;
			productReference = FD6006471ABC17EB00276024 /* 55011212042_Notebook.app */;
			productType = "com.apple.product-type.application";
		};
		FD60065E1ABC17EB00276024 /* 55011212042_NotebookTests */ = {
			isa = PBXNativeTarget;
			buildConfigurationList = FD60066C1ABC17EB00276024 /* Build configuration list for PBXNativeTarget "55011212042_NotebookTests" */;
			buildPhases = (
				FD60065B1ABC17EB00276024 /* Sources */,
				FD60065C1ABC17EB00276024 /* Frameworks */,
				FD60065D1ABC17EB00276024 /* Resources */,
			);
			buildRules = (
			);
			dependencies = (
				FD6006611ABC17EB00276024 /* PBXTargetDependency */,
			);
			name = 55011212042_NotebookTests;
			productName = 55011212042_NotebookTests;
			productReference = FD60065F1ABC17EB00276024 /* 55011212042_NotebookTests.xctest */;
			productType = "com.apple.product-type.bundle.unit-test";
		};
/* End PBXNativeTarget section */

/* Begin PBXProject section */
		FD60063F1ABC17EB00276024 /* Project object */ = {
			isa = PBXProject;
			attributes = {
				LastUpgradeCheck = 0600;
				ORGANIZATIONNAME = iStudents;
				TargetAttributes = {
					FD6006461ABC17EB00276024 = {
						CreatedOnToolsVersion = 6.0;
					};
					FD60065E1ABC17EB00276024 = {
						CreatedOnToolsVersion = 6.0;
						TestTargetID = FD6006461ABC17EB00276024;
					};
				};
			};
			buildConfigurationList = FD6006421ABC17EB00276024 /* Build configuration list for PBXProject "55011212042_Notebook" */;
			compatibilityVersion = "Xcode 3.2";
			developmentRegion = English;
			hasScannedForEncodings = 0;
			knownRegions = (
				en,
				Base,
			);
			mainGroup = FD60063E1ABC17EB00276024;
			productRefGroup = FD6006481ABC17EB00276024 /* Products */;
			projectDirPath = "";
			projectRoot = "";
			targets = (
				FD6006461ABC17EB00276024 /* 55011212042_Notebook */,
				FD60065E1ABC17EB00276024 /* 55011212042_NotebookTests */,
			);
		};
/* End PBXProject section */

/* Begin PBXResourcesBuildPhase section */
		FD6006451ABC17EB00276024 /* Resources */ = {
			isa = PBXResourcesBuildPhase;
			buildActionMask = 2147483647;
			files = (
				FD6006551ABC17EB00276024 /* Main.storyboard in Resources */,
				FD60065A1ABC17EB00276024 /* LaunchScreen.xib in Resources */,
				FD6006571ABC17EB00276024 /* Images.xcassets in Resources */,
			);
			runOnlyForDeploymentPostprocessing = 0;
		};
		FD60065D1ABC17EB00276024 /* Resources */ = {
			isa = PBXResourcesBuildPhase;
			buildActionMask = 2147483647;
			files = (
			);
			runOnlyForDeploymentPostprocessing = 0;
		};
/* End PBXResourcesBuildPhase section */

/* Begin PBXSourcesBuildPhase section */
		FD6006431ABC17EB00276024 /* Sources */ = {
			isa = PBXSourcesBuildPhase;
			buildActionMask = 2147483647;
			files = (
				FD6006521ABC17EB00276024 /* ViewController.swift in Sources */,
				FD6006501ABC17EB00276024 /* _5011212042_Notebook.xcdatamodeld in Sources */,
				FD60064D1ABC17EB00276024 /* AppDelegate.swift in Sources */,
			);
			runOnlyForDeploymentPostprocessing = 0;
		};
		FD60065B1ABC17EB00276024 /* Sources */ = {
			isa = PBXSourcesBuildPhase;
			buildActionMask = 2147483647;
			files = (
				FD6006661ABC17EB00276024 /* _5011212042_NotebookTests.swift in Sources */,
			);
			runOnlyForDeploymentPostprocessing = 0;
		};
/* End PBXSourcesBuildPhase section */

/* Begin PBXTargetDependency section */
		FD6006611ABC17EB00276024 /* PBXTargetDependency */ = {
			isa = PBXTargetDependency;
			target = FD6006461ABC17EB00276024 /* 55011212042_Notebook */;
			targetProxy = FD6006601ABC17EB00276024 /* PBXContainerItemProxy */;
		};
/* End PBXTargetDependency section */

/* Begin PBXVariantGroup section */
		FD6006531ABC17EB00276024 /* Main.storyboard */ = {
			isa = PBXVariantGroup;
			children = (
				FD6006541ABC17EB00276024 /* Base */,
			);
			name = Main.storyboard;
			sourceTree = "<group>";
		};
		FD6006581ABC17EB00276024 /* LaunchScreen.xib */ = {
			isa = PBXVariantGroup;
			children = (
				FD6006591ABC17EB00276024 /* Base */,
			);
			name = LaunchScreen.xib;
			sourceTree = "<group>";
		};
/* End PBXVariantGroup section */

/* Begin XCBuildConfiguration section */
		FD6006671ABC17EB00276024 /* Debug */ = {
			isa = XCBuildConfiguration;
			buildSettings = {
				ALWAYS_SEARCH_USER_PATHS = NO;
				CLANG_CXX_LANGUAGE_STANDARD = "gnu++0x";
				CLANG_CXX_LIBRARY = "libc++";
				CLANG_ENABLE_MODULES = YES;
				CLANG_ENABLE_OBJC_ARC = YES;
				CLANG_WARN_BOOL_CONVERSION = YES;
				CLANG_WARN_CONSTANT_CONVERSION = YES;
				CLANG_WARN_DIRECT_OBJC_ISA_USAGE = YES_ERROR;
				CLANG_WARN_EMPTY_BODY = YES;
				CLANG_WARN_ENUM_CONVERSION = YES;
				CLANG_WARN_INT_CONVERSION = YES;
				CLANG_WARN_OBJC_ROOT_CLASS = YES_ERROR;
				CLANG_WARN_UNREACHABLE_CODE = YES;
				CLANG_WARN__DUPLICATE_METHOD_MATCH = YES;
				"CODE_SIGN_IDENTITY[sdk=iphoneos*]" = "iPhone Developer";
				COPY_PHASE_STRIP = NO;
				ENABLE_STRICT_OBJC_MSGSEND = YES;
				GCC_C_LANGUAGE_STANDARD = gnu99;
				GCC_DYNAMIC_NO_PIC = NO;
				GCC_OPTIMIZATION_LEVEL = 0;
				GCC_PREPROCESSOR_DEFINITIONS = (
					"DEBUG=1",
					"$(inherited)",
				);
				GCC_SYMBOLS_PRIVATE_EXTERN = NO;
				GCC_WARN_64_TO_32_BIT_CONVERSION = YES;
				GCC_WARN_ABOUT_RETURN_TYPE = YES_ERROR;
				GCC_WARN_UNDECLARED_SELECTOR = YES;
				GCC_WARN_UNINITIALIZED_AUTOS = YES_AGGRESSIVE;
				GCC_WARN_UNUSED_FUNCTION = YES;
				GCC_WARN_UNUSED_VARIABLE = YES;
				IPHONEOS_DEPLOYMENT_TARGET = 8.0;
				MTL_ENABLE_DEBUG_INFO = YES;
				ONLY_ACTIVE_ARCH = YES;
				SDKROOT = iphoneos;
				SWIFT_OPTIMIZATION_LEVEL = "-Onone";
			};
			name = Debug;
		};
		FD6006681ABC17EB00276024 /* Release */ = {
			isa = XCBuildConfiguration;
			buildSettings = {
				ALWAYS_SEARCH_USER_PATHS = NO;
				CLANG_CXX_LANGUAGE_STANDARD = "gnu++0x";
				CLANG_CXX_LIBRARY = "libc++";
				CLANG_ENABLE_MODULES = YES;
				CLANG_ENABLE_OBJC_ARC = YES;
				CLANG_WARN_BOOL_CONVERSION = YES;
				CLANG_WARN_CONSTANT_CONVERSION = YES;
				CLANG_WARN_DIRECT_OBJC_ISA_USAGE = YES_ERROR;
				CLANG_WARN_EMPTY_BODY = YES;
				CLANG_WARN_ENUM_CONVERSION = YES;
				CLANG_WARN_INT_CONVERSION = YES;
				CLANG_WARN_OBJC_ROOT_CLASS = YES_ERROR;
				CLANG_WARN_UNREACHABLE_CODE = YES;
				CLANG_WARN__DUPLICATE_METHOD_MATCH = YES;
				"CODE_SIGN_IDENTITY[sdk=iphoneos*]" = "iPhone Developer";
				COPY_PHASE_STRIP = YES;
				ENABLE_NS_ASSERTIONS = NO;
				ENABLE_STRICT_OBJC_MSGSEND = YES;
				GCC_C_LANGUAGE_STANDARD = gnu99;
				GCC_WARN_64_TO_32_BIT_CONVERSION = YES;
				GCC_WARN_ABOUT_RETURN_TYPE = YES_ERROR;
				GCC_WARN_UNDECLARED_SELECTOR = YES;
				GCC_WARN_UNINITIALIZED_AUTOS = YES_AGGRESSIVE;
				GCC_WARN_UNUSED_FUNCTION = YES;
				GCC_WARN_UNUSED_VARIABLE = YES;
				IPHONEOS_DEPLOYMENT_TARGET = 8.0;
				MTL_ENABLE_DEBUG_INFO = NO;
				SDKROOT = iphoneos;
				VALIDATE_PRODUCT = YES;
			};
			name = Release;
		};
		FD60066A1ABC17EB00276024 /* Debug */ = {
			isa = XCBuildConfiguration;
			buildSettings = {
				ASSETCATALOG_COMPILER_APPICON_NAME = AppIcon;
				INFOPLIST_FILE = 55011212042_Notebook/Info.plist;
				LD_RUNPATH_SEARCH_PATHS = "$(inherited) @executable_path/Frameworks";
				PRODUCT_NAME = "$(TARGET_NAME)";
			};
			name = Debug;
		};
		FD60066B1ABC17EB00276024 /* Release */ = {
			isa = XCBuildConfiguration;
			buildSettings = {
				ASSETCATALOG_COMPILER_APPICON_NAME = AppIcon;
				INFOPLIST_FILE = 55011212042_Notebook/Info.plist;
				LD_RUNPATH_SEARCH_PATHS = "$(inherited) @executable_path/Frameworks";
				PRODUCT_NAME = "$(TARGET_NAME)";
			};
			name = Release;
		};
		FD60066D1ABC17EB00276024 /* Debug */ = {
			isa = XCBuildConfiguration;
			buildSettings = {
				BUNDLE_LOADER = "$(TEST_HOST)";
				FRAMEWORK_SEARCH_PATHS = (
					"$(SDKROOT)/Developer/Library/Frameworks",
					"$(inherited)",
				);
				GCC_PREPROCESSOR_DEFINITIONS = (
					"DEBUG=1",
					"$(inherited)",
				);
				INFOPLIST_FILE = 55011212042_NotebookTests/Info.plist;
				LD_RUNPATH_SEARCH_PATHS = "$(inherited) @executable_path/Frameworks @loader_path/Frameworks";
				PRODUCT_NAME = "$(TARGET_NAME)";
				TEST_HOST = "$(BUILT_PRODUCTS_DIR)/55011212042_Notebook.app/55011212042_Notebook";
			};
			name = Debug;
		};
		FD60066E1ABC17EB00276024 /* Release */ = {
			isa = XCBuildConfiguration;
			buildSettings = {
				BUNDLE_LOADER = "$(TEST_HOST)";
				FRAMEWORK_SEARCH_PATHS = (
					"$(SDKROOT)/Developer/Library/Frameworks",
					"$(inherited)",
				);
				INFOPLIST_FILE = 55011212042_NotebookTests/Info.plist;
				LD_RUNPATH_SEARCH_PATHS = "$(inherited) @executable_path/Frameworks @loader_path/Frameworks";
				PRODUCT_NAME = "$(TARGET_NAME)";
				TEST_HOST = "$(BUILT_PRODUCTS_DIR)/55011212042_Notebook.app/55011212042_Notebook";
			};
			name = Release;
		};
/* End XCBuildConfiguration section */

/* Begin XCConfigurationList section */
		FD6006421ABC17EB00276024 /* Build configuration list for PBXProject "55011212042_Notebook" */ = {
			isa = XCConfigurationList;
			buildConfigurations = (
				FD6006671ABC17EB00276024 /* Debug */,
				FD6006681ABC17EB00276024 /* Release */,
			);
			defaultConfigurationIsVisible = 0;
			defaultConfigurationName = Release;
		};
		FD6006691ABC17EB00276024 /* Build configuration list for PBXNativeTarget "55011212042_Notebook" */ = {
			isa = XCConfigurationList;
			buildConfigurations = (
				FD60066A1ABC17EB00276024 /* Debug */,
				FD60066B1ABC17EB00276024 /* Release */,
			);
			defaultConfigurationIsVisible = 0;
		};
		FD60066C1ABC17EB00276024 /* Build configuration list for PBXNativeTarget "55011212042_NotebookTests" */ = {
			isa = XCConfigurationList;
			buildConfigurations = (
				FD60066D1ABC17EB00276024 /* Debug */,
				FD60066E1ABC17EB00276024 /* Release */,
			);
			defaultConfigurationIsVisible = 0;
		};
/* End XCConfigurationList section */

/* Begin XCVersionGroup section */
		FD60064E1ABC17EB00276024 /* _5011212042_Notebook.xcdatamodeld */ = {
			isa = XCVersionGroup;
			children = (
				FD60064F1ABC17EB00276024 /* _5011212042_Notebook.xcdatamodel */,
			);
			currentVersion = FD60064F1ABC17EB00276024 /* _5011212042_Notebook.xcdatamodel */;
			path = _5011212042_Notebook.xcdatamodeld;
			sourceTree = "<group>";
			versionGroupType = wrapper.xcdatamodel;
		};
/* End XCVersionGroup section */
	};
	rootObject = FD60063F1ABC17EB00276024 /* Project object */;
}
