// !$*UTF8*$!
{
	archiveVersion = 1;
	classes = {
	};
	objectVersion = 46;
	objects = {

/* Begin PBXBuildFile section */
		FD3325631AB2B53C002E7466 /* AppDelegate.swift in Sources */ = {isa = PBXBuildFile; fileRef = FD3325621AB2B53C002E7466 /* AppDelegate.swift */; };
		FD3325651AB2B53C002E7466 /* ViewController.swift in Sources */ = {isa = PBXBuildFile; fileRef = FD3325641AB2B53C002E7466 /* ViewController.swift */; };
		FD3325681AB2B53C002E7466 /* Main.storyboard in Resources */ = {isa = PBXBuildFile; fileRef = FD3325661AB2B53C002E7466 /* Main.storyboard */; };
		FD33256A1AB2B53C002E7466 /* Images.xcassets in Resources */ = {isa = PBXBuildFile; fileRef = FD3325691AB2B53C002E7466 /* Images.xcassets */; };
		FD33256D1AB2B53C002E7466 /* LaunchScreen.xib in Resources */ = {isa = PBXBuildFile; fileRef = FD33256B1AB2B53C002E7466 /* LaunchScreen.xib */; };
		FD3325791AB2B53C002E7466 /* Exam1_55011212042Tests.swift in Sources */ = {isa = PBXBuildFile; fileRef = FD3325781AB2B53C002E7466 /* Exam1_55011212042Tests.swift */; };
		FD3325831AB2B979002E7466 /* calculateGrade.swift in Sources */ = {isa = PBXBuildFile; fileRef = FD3325821AB2B979002E7466 /* calculateGrade.swift */; };
/* End PBXBuildFile section */

/* Begin PBXContainerItemProxy section */
		FD3325731AB2B53C002E7466 /* PBXContainerItemProxy */ = {
			isa = PBXContainerItemProxy;
			containerPortal = FD3325551AB2B53C002E7466 /* Project object */;
			proxyType = 1;
			remoteGlobalIDString = FD33255C1AB2B53C002E7466;
			remoteInfo = Exam1_55011212042;
		};
/* End PBXContainerItemProxy section */

/* Begin PBXFileReference section */
		FD33255D1AB2B53C002E7466 /* Exam1_55011212042.app */ = {isa = PBXFileReference; explicitFileType = wrapper.application; includeInIndex = 0; path = Exam1_55011212042.app; sourceTree = BUILT_PRODUCTS_DIR; };
		FD3325611AB2B53C002E7466 /* Info.plist */ = {isa = PBXFileReference; lastKnownFileType = text.plist.xml; path = Info.plist; sourceTree = "<group>"; };
		FD3325621AB2B53C002E7466 /* AppDelegate.swift */ = {isa = PBXFileReference; lastKnownFileType = sourcecode.swift; path = AppDelegate.swift; sourceTree = "<group>"; };
		FD3325641AB2B53C002E7466 /* ViewController.swift */ = {isa = PBXFileReference; lastKnownFileType = sourcecode.swift; path = ViewController.swift; sourceTree = "<group>"; };
		FD3325671AB2B53C002E7466 /* Base */ = {isa = PBXFileReference; lastKnownFileType = file.storyboard; name = Base; path = Base.lproj/Main.storyboard; sourceTree = "<group>"; };
		FD3325691AB2B53C002E7466 /* Images.xcassets */ = {isa = PBXFileReference; lastKnownFileType = folder.assetcatalog; path = Images.xcassets; sourceTree = "<group>"; };
		FD33256C1AB2B53C002E7466 /* Base */ = {isa = PBXFileReference; lastKnownFileType = file.xib; name = Base; path = Base.lproj/LaunchScreen.xib; sourceTree = "<group>"; };
		FD3325721AB2B53C002E7466 /* Exam1_55011212042Tests.xctest */ = {isa = PBXFileReference; explicitFileType = wrapper.cfbundle; includeInIndex = 0; path = Exam1_55011212042Tests.xctest; sourceTree = BUILT_PRODUCTS_DIR; };
		FD3325771AB2B53C002E7466 /* Info.plist */ = {isa = PBXFileReference; lastKnownFileType = text.plist.xml; path = Info.plist; sourceTree = "<group>"; };
		FD3325781AB2B53C002E7466 /* Exam1_55011212042Tests.swift */ = {isa = PBXFileReference; lastKnownFileType = sourcecode.swift; path = Exam1_55011212042Tests.swift; sourceTree = "<group>"; };
		FD3325821AB2B979002E7466 /* calculateGrade.swift */ = {isa = PBXFileReference; fileEncoding = 4; lastKnownFileType = sourcecode.swift; path = calculateGrade.swift; sourceTree = "<group>"; };
/* End PBXFileReference section */

/* Begin PBXFrameworksBuildPhase section */
		FD33255A1AB2B53C002E7466 /* Frameworks */ = {
			isa = PBXFrameworksBuildPhase;
			buildActionMask = 2147483647;
			files = (
			);
			runOnlyForDeploymentPostprocessing = 0;
		};
		FD33256F1AB2B53C002E7466 /* Frameworks */ = {
			isa = PBXFrameworksBuildPhase;
			buildActionMask = 2147483647;
			files = (
			);
			runOnlyForDeploymentPostprocessing = 0;
		};
/* End PBXFrameworksBuildPhase section */

/* Begin PBXGroup section */
		FD3325541AB2B53C002E7466 = {
			isa = PBXGroup;
			children = (
				FD33255F1AB2B53C002E7466 /* Exam1_55011212042 */,
				FD3325751AB2B53C002E7466 /* Exam1_55011212042Tests */,
				FD33255E1AB2B53C002E7466 /* Products */,
			);
			sourceTree = "<group>";
		};
		FD33255E1AB2B53C002E7466 /* Products */ = {
			isa = PBXGroup;
			children = (
				FD33255D1AB2B53C002E7466 /* Exam1_55011212042.app */,
				FD3325721AB2B53C002E7466 /* Exam1_55011212042Tests.xctest */,
			);
			name = Products;
			sourceTree = "<group>";
		};
		FD33255F1AB2B53C002E7466 /* Exam1_55011212042 */ = {
			isa = PBXGroup;
			children = (
				FD3325621AB2B53C002E7466 /* AppDelegate.swift */,
				FD3325641AB2B53C002E7466 /* ViewController.swift */,
				FD3325661AB2B53C002E7466 /* Main.storyboard */,
				FD3325821AB2B979002E7466 /* calculateGrade.swift */,
				FD3325691AB2B53C002E7466 /* Images.xcassets */,
				FD33256B1AB2B53C002E7466 /* LaunchScreen.xib */,
				FD3325601AB2B53C002E7466 /* Supporting Files */,
			);
			path = Exam1_55011212042;
			sourceTree = "<group>";
		};
		FD3325601AB2B53C002E7466 /* Supporting Files */ = {
			isa = PBXGroup;
			children = (
				FD3325611AB2B53C002E7466 /* Info.plist */,
			);
			name = "Supporting Files";
			sourceTree = "<group>";
		};
		FD3325751AB2B53C002E7466 /* Exam1_55011212042Tests */ = {
			isa = PBXGroup;
			children = (
				FD3325781AB2B53C002E7466 /* Exam1_55011212042Tests.swift */,
				FD3325761AB2B53C002E7466 /* Supporting Files */,
			);
			path = Exam1_55011212042Tests;
			sourceTree = "<group>";
		};
		FD3325761AB2B53C002E7466 /* Supporting Files */ = {
			isa = PBXGroup;
			children = (
				FD3325771AB2B53C002E7466 /* Info.plist */,
			);
			name = "Supporting Files";
			sourceTree = "<group>";
		};
/* End PBXGroup section */

/* Begin PBXNativeTarget section */
		FD33255C1AB2B53C002E7466 /* Exam1_55011212042 */ = {
			isa = PBXNativeTarget;
			buildConfigurationList = FD33257C1AB2B53C002E7466 /* Build configuration list for PBXNativeTarget "Exam1_55011212042" */;
			buildPhases = (
				FD3325591AB2B53C002E7466 /* Sources */,
				FD33255A1AB2B53C002E7466 /* Frameworks */,
				FD33255B1AB2B53C002E7466 /* Resources */,
			);
			buildRules = (
			);
			dependencies = (
			);
			name = Exam1_55011212042;
			productName = Exam1_55011212042;
			productReference = FD33255D1AB2B53C002E7466 /* Exam1_55011212042.app */;
			productType = "com.apple.product-type.application";
		};
		FD3325711AB2B53C002E7466 /* Exam1_55011212042Tests */ = {
			isa = PBXNativeTarget;
			buildConfigurationList = FD33257F1AB2B53C002E7466 /* Build configuration list for PBXNativeTarget "Exam1_55011212042Tests" */;
			buildPhases = (
				FD33256E1AB2B53C002E7466 /* Sources */,
				FD33256F1AB2B53C002E7466 /* Frameworks */,
				FD3325701AB2B53C002E7466 /* Resources */,
			);
			buildRules = (
			);
			dependencies = (
				FD3325741AB2B53C002E7466 /* PBXTargetDependency */,
			);
			name = Exam1_55011212042Tests;
			productName = Exam1_55011212042Tests;
			productReference = FD3325721AB2B53C002E7466 /* Exam1_55011212042Tests.xctest */;
			productType = "com.apple.product-type.bundle.unit-test";
		};
/* End PBXNativeTarget section */

/* Begin PBXProject section */
		FD3325551AB2B53C002E7466 /* Project object */ = {
			isa = PBXProject;
			attributes = {
				LastUpgradeCheck = 0600;
				ORGANIZATIONNAME = iStudents;
				TargetAttributes = {
					FD33255C1AB2B53C002E7466 = {
						CreatedOnToolsVersion = 6.0;
					};
					FD3325711AB2B53C002E7466 = {
						CreatedOnToolsVersion = 6.0;
						TestTargetID = FD33255C1AB2B53C002E7466;
					};
				};
			};
			buildConfigurationList = FD3325581AB2B53C002E7466 /* Build configuration list for PBXProject "Exam1_55011212042" */;
			compatibilityVersion = "Xcode 3.2";
			developmentRegion = English;
			hasScannedForEncodings = 0;
			knownRegions = (
				en,
				Base,
			);
			mainGroup = FD3325541AB2B53C002E7466;
			productRefGroup = FD33255E1AB2B53C002E7466 /* Products */;
			projectDirPath = "";
			projectRoot = "";
			targets = (
				FD33255C1AB2B53C002E7466 /* Exam1_55011212042 */,
				FD3325711AB2B53C002E7466 /* Exam1_55011212042Tests */,
			);
		};
/* End PBXProject section */

/* Begin PBXResourcesBuildPhase section */
		FD33255B1AB2B53C002E7466 /* Resources */ = {
			isa = PBXResourcesBuildPhase;
			buildActionMask = 2147483647;
			files = (
				FD3325681AB2B53C002E7466 /* Main.storyboard in Resources */,
				FD33256D1AB2B53C002E7466 /* LaunchScreen.xib in Resources */,
				FD33256A1AB2B53C002E7466 /* Images.xcassets in Resources */,
			);
			runOnlyForDeploymentPostprocessing = 0;
		};
		FD3325701AB2B53C002E7466 /* Resources */ = {
			isa = PBXResourcesBuildPhase;
			buildActionMask = 2147483647;
			files = (
			);
			runOnlyForDeploymentPostprocessing = 0;
		};
/* End PBXResourcesBuildPhase section */

/* Begin PBXSourcesBuildPhase section */
		FD3325591AB2B53C002E7466 /* Sources */ = {
			isa = PBXSourcesBuildPhase;
			buildActionMask = 2147483647;
			files = (
				FD3325831AB2B979002E7466 /* calculateGrade.swift in Sources */,
				FD3325651AB2B53C002E7466 /* ViewController.swift in Sources */,
				FD3325631AB2B53C002E7466 /* AppDelegate.swift in Sources */,
			);
			runOnlyForDeploymentPostprocessing = 0;
		};
		FD33256E1AB2B53C002E7466 /* Sources */ = {
			isa = PBXSourcesBuildPhase;
			buildActionMask = 2147483647;
			files = (
				FD3325791AB2B53C002E7466 /* Exam1_55011212042Tests.swift in Sources */,
			);
			runOnlyForDeploymentPostprocessing = 0;
		};
/* End PBXSourcesBuildPhase section */

/* Begin PBXTargetDependency section */
		FD3325741AB2B53C002E7466 /* PBXTargetDependency */ = {
			isa = PBXTargetDependency;
			target = FD33255C1AB2B53C002E7466 /* Exam1_55011212042 */;
			targetProxy = FD3325731AB2B53C002E7466 /* PBXContainerItemProxy */;
		};
/* End PBXTargetDependency section */

/* Begin PBXVariantGroup section */
		FD3325661AB2B53C002E7466 /* Main.storyboard */ = {
			isa = PBXVariantGroup;
			children = (
				FD3325671AB2B53C002E7466 /* Base */,
			);
			name = Main.storyboard;
			sourceTree = "<group>";
		};
		FD33256B1AB2B53C002E7466 /* LaunchScreen.xib */ = {
			isa = PBXVariantGroup;
			children = (
				FD33256C1AB2B53C002E7466 /* Base */,
			);
			name = LaunchScreen.xib;
			sourceTree = "<group>";
		};
/* End PBXVariantGroup section */

/* Begin XCBuildConfiguration section */
		FD33257A1AB2B53C002E7466 /* Debug */ = {
			isa = XCBuildConfiguration;
			buildSettings = {
				ALWAYS_SEARCH_USER_PATHS = NO;
				CLANG_CXX_LANGUAGE_STANDARD = "gnu++0x";
				CLANG_CXX_LIBRARY = "libc++";
				CLANG_ENABLE_MODULES = YES;
				CLANG_ENABLE_OBJC_ARC = YES;
				CLANG_WARN_BOOL_CONVERSION = YES;
				CLANG_WARN_CONSTANT_CONVERSION = YES;
				CLANG_WARN_DIRECT_OBJC_ISA_USAGE = YES_ERROR;
				CLANG_WARN_EMPTY_BODY = YES;
				CLANG_WARN_ENUM_CONVERSION = YES;
				CLANG_WARN_INT_CONVERSION = YES;
				CLANG_WARN_OBJC_ROOT_CLASS = YES_ERROR;
				CLANG_WARN_UNREACHABLE_CODE = YES;
				CLANG_WARN__DUPLICATE_METHOD_MATCH = YES;
				"CODE_SIGN_IDENTITY[sdk=iphoneos*]" = "iPhone Developer";
				COPY_PHASE_STRIP = NO;
				ENABLE_STRICT_OBJC_MSGSEND = YES;
				GCC_C_LANGUAGE_STANDARD = gnu99;
				GCC_DYNAMIC_NO_PIC = NO;
				GCC_OPTIMIZATION_LEVEL = 0;
				GCC_PREPROCESSOR_DEFINITIONS = (
					"DEBUG=1",
					"$(inherited)",
				);
				GCC_SYMBOLS_PRIVATE_EXTERN = NO;
				GCC_WARN_64_TO_32_BIT_CONVERSION = YES;
				GCC_WARN_ABOUT_RETURN_TYPE = YES_ERROR;
				GCC_WARN_UNDECLARED_SELECTOR = YES;
				GCC_WARN_UNINITIALIZED_AUTOS = YES_AGGRESSIVE;
				GCC_WARN_UNUSED_FUNCTION = YES;
				GCC_WARN_UNUSED_VARIABLE = YES;
				IPHONEOS_DEPLOYMENT_TARGET = 8.0;
				MTL_ENABLE_DEBUG_INFO = YES;
				ONLY_ACTIVE_ARCH = YES;
				SDKROOT = iphoneos;
				SWIFT_OPTIMIZATION_LEVEL = "-Onone";
			};
			name = Debug;
		};
		FD33257B1AB2B53C002E7466 /* Release */ = {
			isa = XCBuildConfiguration;
			buildSettings = {
				ALWAYS_SEARCH_USER_PATHS = NO;
				CLANG_CXX_LANGUAGE_STANDARD = "gnu++0x";
				CLANG_CXX_LIBRARY = "libc++";
				CLANG_ENABLE_MODULES = YES;
				CLANG_ENABLE_OBJC_ARC = YES;
				CLANG_WARN_BOOL_CONVERSION = YES;
				CLANG_WARN_CONSTANT_CONVERSION = YES;
				CLANG_WARN_DIRECT_OBJC_ISA_USAGE = YES_ERROR;
				CLANG_WARN_EMPTY_BODY = YES;
				CLANG_WARN_ENUM_CONVERSION = YES;
				CLANG_WARN_INT_CONVERSION = YES;
				CLANG_WARN_OBJC_ROOT_CLASS = YES_ERROR;
				CLANG_WARN_UNREACHABLE_CODE = YES;
				CLANG_WARN__DUPLICATE_METHOD_MATCH = YES;
				"CODE_SIGN_IDENTITY[sdk=iphoneos*]" = "iPhone Developer";
				COPY_PHASE_STRIP = YES;
				ENABLE_NS_ASSERTIONS = NO;
				ENABLE_STRICT_OBJC_MSGSEND = YES;
				GCC_C_LANGUAGE_STANDARD = gnu99;
				GCC_WARN_64_TO_32_BIT_CONVERSION = YES;
				GCC_WARN_ABOUT_RETURN_TYPE = YES_ERROR;
				GCC_WARN_UNDECLARED_SELECTOR = YES;
				GCC_WARN_UNINITIALIZED_AUTOS = YES_AGGRESSIVE;
				GCC_WARN_UNUSED_FUNCTION = YES;
				GCC_WARN_UNUSED_VARIABLE = YES;
				IPHONEOS_DEPLOYMENT_TARGET = 8.0;
				MTL_ENABLE_DEBUG_INFO = NO;
				SDKROOT = iphoneos;
				VALIDATE_PRODUCT = YES;
			};
			name = Release;
		};
		FD33257D1AB2B53C002E7466 /* Debug */ = {
			isa = XCBuildConfiguration;
			buildSettings = {
				ASSETCATALOG_COMPILER_APPICON_NAME = AppIcon;
				INFOPLIST_FILE = Exam1_55011212042/Info.plist;
				LD_RUNPATH_SEARCH_PATHS = "$(inherited) @executable_path/Frameworks";
				PRODUCT_NAME = "$(TARGET_NAME)";
			};
			name = Debug;
		};
		FD33257E1AB2B53C002E7466 /* Release */ = {
			isa = XCBuildConfiguration;
			buildSettings = {
				ASSETCATALOG_COMPILER_APPICON_NAME = AppIcon;
				INFOPLIST_FILE = Exam1_55011212042/Info.plist;
				LD_RUNPATH_SEARCH_PATHS = "$(inherited) @executable_path/Frameworks";
				PRODUCT_NAME = "$(TARGET_NAME)";
			};
			name = Release;
		};
		FD3325801AB2B53C002E7466 /* Debug */ = {
			isa = XCBuildConfiguration;
			buildSettings = {
				BUNDLE_LOADER = "$(TEST_HOST)";
				FRAMEWORK_SEARCH_PATHS = (
					"$(SDKROOT)/Developer/Library/Frameworks",
					"$(inherited)",
				);
				GCC_PREPROCESSOR_DEFINITIONS = (
					"DEBUG=1",
					"$(inherited)",
				);
				INFOPLIST_FILE = Exam1_55011212042Tests/Info.plist;
				LD_RUNPATH_SEARCH_PATHS = "$(inherited) @executable_path/Frameworks @loader_path/Frameworks";
				PRODUCT_NAME = "$(TARGET_NAME)";
				TEST_HOST = "$(BUILT_PRODUCTS_DIR)/Exam1_55011212042.app/Exam1_55011212042";
			};
			name = Debug;
		};
		FD3325811AB2B53C002E7466 /* Release */ = {
			isa = XCBuildConfiguration;
			buildSettings = {
				BUNDLE_LOADER = "$(TEST_HOST)";
				FRAMEWORK_SEARCH_PATHS = (
					"$(SDKROOT)/Developer/Library/Frameworks",
					"$(inherited)",
				);
				INFOPLIST_FILE = Exam1_55011212042Tests/Info.plist;
				LD_RUNPATH_SEARCH_PATHS = "$(inherited) @executable_path/Frameworks @loader_path/Frameworks";
				PRODUCT_NAME = "$(TARGET_NAME)";
				TEST_HOST = "$(BUILT_PRODUCTS_DIR)/Exam1_55011212042.app/Exam1_55011212042";
			};
			name = Release;
		};
/* End XCBuildConfiguration section */

/* Begin XCConfigurationList section */
		FD3325581AB2B53C002E7466 /* Build configuration list for PBXProject "Exam1_55011212042" */ = {
			isa = XCConfigurationList;
			buildConfigurations = (
				FD33257A1AB2B53C002E7466 /* Debug */,
				FD33257B1AB2B53C002E7466 /* Release */,
			);
			defaultConfigurationIsVisible = 0;
			defaultConfigurationName = Release;
		};
		FD33257C1AB2B53C002E7466 /* Build configuration list for PBXNativeTarget "Exam1_55011212042" */ = {
			isa = XCConfigurationList;
			buildConfigurations = (
				FD33257D1AB2B53C002E7466 /* Debug */,
				FD33257E1AB2B53C002E7466 /* Release */,
			);
			defaultConfigurationIsVisible = 0;
		};
		FD33257F1AB2B53C002E7466 /* Build configuration list for PBXNativeTarget "Exam1_55011212042Tests" */ = {
			isa = XCConfigurationList;
			buildConfigurations = (
				FD3325801AB2B53C002E7466 /* Debug */,
				FD3325811AB2B53C002E7466 /* Release */,
			);
			defaultConfigurationIsVisible = 0;
		};
/* End XCConfigurationList section */
	};
	rootObject = FD3325551AB2B53C002E7466 /* Project object */;
}
